
Microsoft Visual Studio Solution File, Format Version 12.00
# Visual Studio Version 17
VisualStudioVersion = 17.7.34031.279
MinimumVisualStudioVersion = 10.0.40219.1
Project("{FAE04EC0-301F-11D3-BF4B-00C04F79EFBC}") = "RunnerApp", "RunnerApp\RunnerApp.csproj", "{8D9D1F9F-8092-4C7F-84A9-83F13C78555C}"
EndProject
Global
	GlobalSection(SolutionConfigurationPlatforms) = preSolution
		Debug|Any CPU = Debug|Any CPU
		Release|Any CPU = Release|Any CPU
	EndGlobalSection
	GlobalSection(ProjectConfigurationPlatforms) = postSolution
		{8D9D1F9F-8092-4C7F-84A9-83F13C78555C}.Debug|Any CPU.ActiveCfg = Debug|Any CPU
		{8D9D1F9F-8092-4C7F-84A9-83F13C78555C}.Debug|Any CPU.Build.0 = Debug|Any CPU
		{8D9D1F9F-8092-4C7F-84A9-83F13C78555C}.Release|Any CPU.ActiveCfg = Release|Any CPU
		{8D9D1F9F-8092-4C7F-84A9-83F13C78555C}.Release|Any CPU.Build.0 = Release|Any CPU
	EndGlobalSection
	GlobalSection(SolutionProperties) = preSolution
		HideSolutionNode = FALSE
	EndGlobalSection
	GlobalSection(ExtensibilityGlobals) = postSolution
		SolutionGuid = {563A058B-A7E2-4059-985B-A5121065CE83}
	EndGlobalSection
EndGlobal
